<Solution>
    <Folder Name="/Api/">
        <Project Path="Api/BaseCache.Api/BaseCache.Api.csproj" />
    </Folder>
    <Folder Name="/Core/">
        <Project Path="Core/BaseCache.Application/BaseCache.Application.csproj" />
        <Project Path="Core/BaseCache.Domain/BaseCache.Domain.csproj" />
    </Folder>
    <Folder Name="/Infrastructure/">
        <Project Path="Infrastructure/BaseCache.Infrastructure/BaseCache.Infrastructure.csproj" />
        <Project Path="Infrastructure/BaseCache.Persistence/BaseCache.Persistence.csproj" />
    </Folder>
</Solution>
